
Microsoft Visual Studio Solution File, Format Version 12.00
# Visual Studio Version 16
VisualStudioVersion = 16.0.31729.503
MinimumVisualStudioVersion = 10.0.40219.1
Project("{FAE04EC0-301F-11D3-BF4B-00C04F79EFBC}") = "Lesson17", "Lesson17\Lesson17.csproj", "{3C2E06C0-3F08-4BE0-8CAB-B5BD9D78BA97}"
EndProject
Global
	GlobalSection(SolutionConfigurationPlatforms) = preSolution
		Debug|Any CPU = Debug|Any CPU
		Release|Any CPU = Release|Any CPU
	EndGlobalSection
	GlobalSection(ProjectConfigurationPlatforms) = postSolution
		{3C2E06C0-3F08-4BE0-8CAB-B5BD9D78BA97}.Debug|Any CPU.ActiveCfg = Debug|Any CPU
		{3C2E06C0-3F08-4BE0-8CAB-B5BD9D78BA97}.Debug|Any CPU.Build.0 = Debug|Any CPU
		{3C2E06C0-3F08-4BE0-8CAB-B5BD9D78BA97}.Release|Any CPU.ActiveCfg = Release|Any CPU
		{3C2E06C0-3F08-4BE0-8CAB-B5BD9D78BA97}.Release|Any CPU.Build.0 = Release|Any CPU
	EndGlobalSection
	GlobalSection(SolutionProperties) = preSolution
		HideSolutionNode = FALSE
	EndGlobalSection
	GlobalSection(ExtensibilityGlobals) = postSolution
		SolutionGuid = {0D06D4F4-62EC-4B9B-B35A-1A964E5E8327}
	EndGlobalSection
EndGlobal
