
Microsoft Visual Studio Solution File, Format Version 12.00
# Visual Studio Version 16
VisualStudioVersion = 16.0.31729.503
MinimumVisualStudioVersion = 10.0.40219.1
Project("{FAE04EC0-301F-11D3-BF4B-00C04F79EFBC}") = "Lesson37", "Lesson37\Lesson37.csproj", "{3B2E3329-850D-40B2-B7C1-2F550ABF7001}"
EndProject
Global
	GlobalSection(SolutionConfigurationPlatforms) = preSolution
		Debug|Any CPU = Debug|Any CPU
		Release|Any CPU = Release|Any CPU
	EndGlobalSection
	GlobalSection(ProjectConfigurationPlatforms) = postSolution
		{3B2E3329-850D-40B2-B7C1-2F550ABF7001}.Debug|Any CPU.ActiveCfg = Debug|Any CPU
		{3B2E3329-850D-40B2-B7C1-2F550ABF7001}.Debug|Any CPU.Build.0 = Debug|Any CPU
		{3B2E3329-850D-40B2-B7C1-2F550ABF7001}.Release|Any CPU.ActiveCfg = Release|Any CPU
		{3B2E3329-850D-40B2-B7C1-2F550ABF7001}.Release|Any CPU.Build.0 = Release|Any CPU
	EndGlobalSection
	GlobalSection(SolutionProperties) = preSolution
		HideSolutionNode = FALSE
	EndGlobalSection
	GlobalSection(ExtensibilityGlobals) = postSolution
		SolutionGuid = {A8F5A7D8-4C51-4252-8054-2DEF4FB03F7C}
	EndGlobalSection
EndGlobal
