
Microsoft Visual Studio Solution File, Format Version 12.00
# Visual Studio Version 16
VisualStudioVersion = 16.0.31729.503
MinimumVisualStudioVersion = 10.0.40219.1
Project("{FAE04EC0-301F-11D3-BF4B-00C04F79EFBC}") = "Lesson38", "Lesson38\Lesson38.csproj", "{B357C030-ED3E-4FE3-8DCC-806908001540}"
EndProject
Project("{FAE04EC0-301F-11D3-BF4B-00C04F79EFBC}") = "Lesson38_2", "Lesson38_2\Lesson38_2.csproj", "{46A0ADBE-6326-49BB-BCBF-DC83FD4C40B3}"
EndProject
Project("{FAE04EC0-301F-11D3-BF4B-00C04F79EFBC}") = "Lesson38_3", "Lesson38_3\Lesson38_3.csproj", "{717BE083-6CE1-459F-8232-6CFFE61DF60D}"
EndProject
Global
	GlobalSection(SolutionConfigurationPlatforms) = preSolution
		Debug|Any CPU = Debug|Any CPU
		Release|Any CPU = Release|Any CPU
	EndGlobalSection
	GlobalSection(ProjectConfigurationPlatforms) = postSolution
		{B357C030-ED3E-4FE3-8DCC-806908001540}.Debug|Any CPU.ActiveCfg = Debug|Any CPU
		{B357C030-ED3E-4FE3-8DCC-806908001540}.Debug|Any CPU.Build.0 = Debug|Any CPU
		{B357C030-ED3E-4FE3-8DCC-806908001540}.Release|Any CPU.ActiveCfg = Release|Any CPU
		{B357C030-ED3E-4FE3-8DCC-806908001540}.Release|Any CPU.Build.0 = Release|Any CPU
		{46A0ADBE-6326-49BB-BCBF-DC83FD4C40B3}.Debug|Any CPU.ActiveCfg = Debug|Any CPU
		{46A0ADBE-6326-49BB-BCBF-DC83FD4C40B3}.Debug|Any CPU.Build.0 = Debug|Any CPU
		{46A0ADBE-6326-49BB-BCBF-DC83FD4C40B3}.Release|Any CPU.ActiveCfg = Release|Any CPU
		{46A0ADBE-6326-49BB-BCBF-DC83FD4C40B3}.Release|Any CPU.Build.0 = Release|Any CPU
		{717BE083-6CE1-459F-8232-6CFFE61DF60D}.Debug|Any CPU.ActiveCfg = Debug|Any CPU
		{717BE083-6CE1-459F-8232-6CFFE61DF60D}.Debug|Any CPU.Build.0 = Debug|Any CPU
		{717BE083-6CE1-459F-8232-6CFFE61DF60D}.Release|Any CPU.ActiveCfg = Release|Any CPU
		{717BE083-6CE1-459F-8232-6CFFE61DF60D}.Release|Any CPU.Build.0 = Release|Any CPU
	EndGlobalSection
	GlobalSection(SolutionProperties) = preSolution
		HideSolutionNode = FALSE
	EndGlobalSection
	GlobalSection(ExtensibilityGlobals) = postSolution
		SolutionGuid = {A01ECF2C-86E9-415D-86AC-5B4D90CB75FE}
	EndGlobalSection
EndGlobal
