
Microsoft Visual Studio Solution File, Format Version 12.00
# Visual Studio Version 16
VisualStudioVersion = 16.0.31729.503
MinimumVisualStudioVersion = 10.0.40219.1
Project("{9A19103F-16F7-4668-BE54-9A1E7A4F7556}") = "Lesson16", "Lesson16\Lesson16.csproj", "{0B177285-BC6D-416C-BCEB-9FD945EBE25B}"
EndProject
Project("{FAE04EC0-301F-11D3-BF4B-00C04F79EFBC}") = "DZ4", "DZ4\DZ4.csproj", "{1DDD8D58-011D-4102-89AB-ECF5CAD9E08B}"
EndProject
Global
	GlobalSection(SolutionConfigurationPlatforms) = preSolution
		Debug|Any CPU = Debug|Any CPU
		Release|Any CPU = Release|Any CPU
	EndGlobalSection
	GlobalSection(ProjectConfigurationPlatforms) = postSolution
		{0B177285-BC6D-416C-BCEB-9FD945EBE25B}.Debug|Any CPU.ActiveCfg = Debug|Any CPU
		{0B177285-BC6D-416C-BCEB-9FD945EBE25B}.Debug|Any CPU.Build.0 = Debug|Any CPU
		{0B177285-BC6D-416C-BCEB-9FD945EBE25B}.Release|Any CPU.ActiveCfg = Release|Any CPU
		{0B177285-BC6D-416C-BCEB-9FD945EBE25B}.Release|Any CPU.Build.0 = Release|Any CPU
		{1DDD8D58-011D-4102-89AB-ECF5CAD9E08B}.Debug|Any CPU.ActiveCfg = Debug|Any CPU
		{1DDD8D58-011D-4102-89AB-ECF5CAD9E08B}.Debug|Any CPU.Build.0 = Debug|Any CPU
		{1DDD8D58-011D-4102-89AB-ECF5CAD9E08B}.Release|Any CPU.ActiveCfg = Release|Any CPU
		{1DDD8D58-011D-4102-89AB-ECF5CAD9E08B}.Release|Any CPU.Build.0 = Release|Any CPU
	EndGlobalSection
	GlobalSection(SolutionProperties) = preSolution
		HideSolutionNode = FALSE
	EndGlobalSection
	GlobalSection(ExtensibilityGlobals) = postSolution
		SolutionGuid = {6D931B47-BC33-428B-A55E-2223D9D9BE43}
	EndGlobalSection
EndGlobal
