
Microsoft Visual Studio Solution File, Format Version 12.00
# Visual Studio Version 16
VisualStudioVersion = 16.0.31729.503
MinimumVisualStudioVersion = 10.0.40219.1
Project("{FAE04EC0-301F-11D3-BF4B-00C04F79EFBC}") = "Lesson39", "Lesson39\Lesson39.csproj", "{57C91FA7-3AFB-401F-8A2D-03CDB65F3C47}"
EndProject
Project("{FAE04EC0-301F-11D3-BF4B-00C04F79EFBC}") = "Lesson39_1", "Lesson39_1\Lesson39_1.csproj", "{1024227F-CD33-4E9C-8D3A-7FD8C7D7AC4F}"
EndProject
Project("{FAE04EC0-301F-11D3-BF4B-00C04F79EFBC}") = "Lesson39_", "Lesson39_\Lesson39_.csproj", "{E5E0DB8C-C661-48B4-8E04-0CF2935970E3}"
EndProject
Global
	GlobalSection(SolutionConfigurationPlatforms) = preSolution
		Debug|Any CPU = Debug|Any CPU
		Release|Any CPU = Release|Any CPU
	EndGlobalSection
	GlobalSection(ProjectConfigurationPlatforms) = postSolution
		{57C91FA7-3AFB-401F-8A2D-03CDB65F3C47}.Debug|Any CPU.ActiveCfg = Debug|Any CPU
		{57C91FA7-3AFB-401F-8A2D-03CDB65F3C47}.Debug|Any CPU.Build.0 = Debug|Any CPU
		{57C91FA7-3AFB-401F-8A2D-03CDB65F3C47}.Release|Any CPU.ActiveCfg = Release|Any CPU
		{57C91FA7-3AFB-401F-8A2D-03CDB65F3C47}.Release|Any CPU.Build.0 = Release|Any CPU
		{1024227F-CD33-4E9C-8D3A-7FD8C7D7AC4F}.Debug|Any CPU.ActiveCfg = Debug|Any CPU
		{1024227F-CD33-4E9C-8D3A-7FD8C7D7AC4F}.Debug|Any CPU.Build.0 = Debug|Any CPU
		{1024227F-CD33-4E9C-8D3A-7FD8C7D7AC4F}.Release|Any CPU.ActiveCfg = Release|Any CPU
		{1024227F-CD33-4E9C-8D3A-7FD8C7D7AC4F}.Release|Any CPU.Build.0 = Release|Any CPU
		{E5E0DB8C-C661-48B4-8E04-0CF2935970E3}.Debug|Any CPU.ActiveCfg = Debug|Any CPU
		{E5E0DB8C-C661-48B4-8E04-0CF2935970E3}.Debug|Any CPU.Build.0 = Debug|Any CPU
		{E5E0DB8C-C661-48B4-8E04-0CF2935970E3}.Release|Any CPU.ActiveCfg = Release|Any CPU
		{E5E0DB8C-C661-48B4-8E04-0CF2935970E3}.Release|Any CPU.Build.0 = Release|Any CPU
	EndGlobalSection
	GlobalSection(SolutionProperties) = preSolution
		HideSolutionNode = FALSE
	EndGlobalSection
	GlobalSection(ExtensibilityGlobals) = postSolution
		SolutionGuid = {E5625738-FFB3-4A13-9B1A-E73FE5258804}
	EndGlobalSection
EndGlobal
