
Microsoft Visual Studio Solution File, Format Version 12.00
# Visual Studio Version 16
VisualStudioVersion = 16.0.31729.503
MinimumVisualStudioVersion = 10.0.40219.1
Project("{FAE04EC0-301F-11D3-BF4B-00C04F79EFBC}") = "Lesson27", "Lesson27\Lesson27.csproj", "{F77CA606-5594-4075-88AE-1511445386EB}"
EndProject
Global
	GlobalSection(SolutionConfigurationPlatforms) = preSolution
		Debug|Any CPU = Debug|Any CPU
		Release|Any CPU = Release|Any CPU
	EndGlobalSection
	GlobalSection(ProjectConfigurationPlatforms) = postSolution
		{F77CA606-5594-4075-88AE-1511445386EB}.Debug|Any CPU.ActiveCfg = Debug|Any CPU
		{F77CA606-5594-4075-88AE-1511445386EB}.Debug|Any CPU.Build.0 = Debug|Any CPU
		{F77CA606-5594-4075-88AE-1511445386EB}.Release|Any CPU.ActiveCfg = Release|Any CPU
		{F77CA606-5594-4075-88AE-1511445386EB}.Release|Any CPU.Build.0 = Release|Any CPU
	EndGlobalSection
	GlobalSection(SolutionProperties) = preSolution
		HideSolutionNode = FALSE
	EndGlobalSection
	GlobalSection(ExtensibilityGlobals) = postSolution
		SolutionGuid = {7FFD014C-DF51-4509-B15A-6B862017991D}
	EndGlobalSection
EndGlobal
