
Microsoft Visual Studio Solution File, Format Version 12.00
# Visual Studio Version 16
VisualStudioVersion = 16.0.31729.503
MinimumVisualStudioVersion = 10.0.40219.1
Project("{FAE04EC0-301F-11D3-BF4B-00C04F79EFBC}") = "Lesson10", "Lesson10\Lesson10.csproj", "{60BB64FE-3772-45F9-BB57-C85D8DC71528}"
EndProject
Project("{FAE04EC0-301F-11D3-BF4B-00C04F79EFBC}") = "My_project", "My_project\My_project.csproj", "{73B252E3-534A-4145-9B5A-63B250501A0A}"
EndProject
Global
	GlobalSection(SolutionConfigurationPlatforms) = preSolution
		Debug|Any CPU = Debug|Any CPU
		Release|Any CPU = Release|Any CPU
	EndGlobalSection
	GlobalSection(ProjectConfigurationPlatforms) = postSolution
		{60BB64FE-3772-45F9-BB57-C85D8DC71528}.Debug|Any CPU.ActiveCfg = Debug|Any CPU
		{60BB64FE-3772-45F9-BB57-C85D8DC71528}.Debug|Any CPU.Build.0 = Debug|Any CPU
		{60BB64FE-3772-45F9-BB57-C85D8DC71528}.Release|Any CPU.ActiveCfg = Release|Any CPU
		{60BB64FE-3772-45F9-BB57-C85D8DC71528}.Release|Any CPU.Build.0 = Release|Any CPU
		{73B252E3-534A-4145-9B5A-63B250501A0A}.Debug|Any CPU.ActiveCfg = Debug|Any CPU
		{73B252E3-534A-4145-9B5A-63B250501A0A}.Debug|Any CPU.Build.0 = Debug|Any CPU
		{73B252E3-534A-4145-9B5A-63B250501A0A}.Release|Any CPU.ActiveCfg = Release|Any CPU
		{73B252E3-534A-4145-9B5A-63B250501A0A}.Release|Any CPU.Build.0 = Release|Any CPU
	EndGlobalSection
	GlobalSection(SolutionProperties) = preSolution
		HideSolutionNode = FALSE
	EndGlobalSection
	GlobalSection(ExtensibilityGlobals) = postSolution
		SolutionGuid = {62099F9A-9BC4-40F6-A1AE-67C885403E7F}
	EndGlobalSection
EndGlobal
